{
  "name": "healthy_life",
  "version": "0.1.0",
  "lockfileVersion": 3,
  "requires": true,
  "packages": {
    "": {
      "name": "healthy_life",
      "version": "0.1.0",
      "dependencies": {
        "healthy_life": "file:"
      }
    },
    "node_modules/healthy_life": {
      "resolved": "",
      "link": true
    }
  }
}
